
Microsoft Visual Studio Solution File, Format Version 12.00
Project("{2150E333-8FDC-42A3-9474-1A3956D46DE8}") = "src", "src", "{67234F41-AD27-4842-A190-36CCB84D8864}"
EndProject
Project("{2150E333-8FDC-42A3-9474-1A3956D46DE8}") = "tests", "tests", "{73E74E54-B5D8-42EA-8C60-EA5F8A38BB81}"
EndProject
Project("{2150E333-8FDC-42A3-9474-1A3956D46DE8}") = "Solution Items", "Solution Items", "{1A7971F3-3A4A-4334-A489-96F86987BE6C}"
	ProjectSection(SolutionItems) = preProject
		Directory.Packages.props = Directory.Packages.props
		.gitignore = .gitignore
	EndProjectSection
EndProject
Project("{FAE04EC0-301F-11D3-BF4B-00C04F79EFBC}") = "AcoTerra.Infrastructure", "src\AcoTerra.Infrastructure\AcoTerra.Infrastructure.csproj", "{8DFC1357-8C31-44AA-8987-55BBC9EF4437}"
EndProject
Project("{FAE04EC0-301F-11D3-BF4B-00C04F79EFBC}") = "AcoTerra.Core", "src\AcoTerra.Core\AcoTerra.Core.csproj", "{772BB988-8AA1-418B-9130-35FD8479C220}"
EndProject
Project("{FAE04EC0-301F-11D3-BF4B-00C04F79EFBC}") = "AcoTerra.Web", "src\AcoTerra.Web\AcoTerra.Web.csproj", "{85FF3DC1-089D-4192-B39B-DB1C2087D510}"
EndProject
Project("{FAE04EC0-301F-11D3-BF4B-00C04F79EFBC}") = "AcoTerra.Api", "src\AcoTerra.Api\AcoTerra.Api.csproj", "{E734F377-8796-47BC-97FD-8EC1F59AAD9B}"
EndProject
Global
	GlobalSection(SolutionConfigurationPlatforms) = preSolution
		Debug|Any CPU = Debug|Any CPU
		Release|Any CPU = Release|Any CPU
	EndGlobalSection
	GlobalSection(NestedProjects) = preSolution
		{8DFC1357-8C31-44AA-8987-55BBC9EF4437} = {67234F41-AD27-4842-A190-36CCB84D8864}
		{772BB988-8AA1-418B-9130-35FD8479C220} = {67234F41-AD27-4842-A190-36CCB84D8864}
		{85FF3DC1-089D-4192-B39B-DB1C2087D510} = {67234F41-AD27-4842-A190-36CCB84D8864}
		{E734F377-8796-47BC-97FD-8EC1F59AAD9B} = {67234F41-AD27-4842-A190-36CCB84D8864}
	EndGlobalSection
	GlobalSection(ProjectConfigurationPlatforms) = postSolution
		{8DFC1357-8C31-44AA-8987-55BBC9EF4437}.Debug|Any CPU.ActiveCfg = Debug|Any CPU
		{8DFC1357-8C31-44AA-8987-55BBC9EF4437}.Debug|Any CPU.Build.0 = Debug|Any CPU
		{8DFC1357-8C31-44AA-8987-55BBC9EF4437}.Release|Any CPU.ActiveCfg = Release|Any CPU
		{8DFC1357-8C31-44AA-8987-55BBC9EF4437}.Release|Any CPU.Build.0 = Release|Any CPU
		{772BB988-8AA1-418B-9130-35FD8479C220}.Debug|Any CPU.ActiveCfg = Debug|Any CPU
		{772BB988-8AA1-418B-9130-35FD8479C220}.Debug|Any CPU.Build.0 = Debug|Any CPU
		{772BB988-8AA1-418B-9130-35FD8479C220}.Release|Any CPU.ActiveCfg = Release|Any CPU
		{772BB988-8AA1-418B-9130-35FD8479C220}.Release|Any CPU.Build.0 = Release|Any CPU
		{85FF3DC1-089D-4192-B39B-DB1C2087D510}.Debug|Any CPU.ActiveCfg = Debug|Any CPU
		{85FF3DC1-089D-4192-B39B-DB1C2087D510}.Debug|Any CPU.Build.0 = Debug|Any CPU
		{85FF3DC1-089D-4192-B39B-DB1C2087D510}.Release|Any CPU.ActiveCfg = Release|Any CPU
		{85FF3DC1-089D-4192-B39B-DB1C2087D510}.Release|Any CPU.Build.0 = Release|Any CPU
		{E734F377-8796-47BC-97FD-8EC1F59AAD9B}.Debug|Any CPU.ActiveCfg = Debug|Any CPU
		{E734F377-8796-47BC-97FD-8EC1F59AAD9B}.Debug|Any CPU.Build.0 = Debug|Any CPU
		{E734F377-8796-47BC-97FD-8EC1F59AAD9B}.Release|Any CPU.ActiveCfg = Release|Any CPU
		{E734F377-8796-47BC-97FD-8EC1F59AAD9B}.Release|Any CPU.Build.0 = Release|Any CPU
	EndGlobalSection
EndGlobal
